
Microsoft Visual Studio Solution File, Format Version 12.00
# Visual Studio 15
VisualStudioVersion = 15.0.28307.421
MinimumVisualStudioVersion = 10.0.40219.1
Project("{FAE04EC0-301F-11D3-BF4B-00C04F79EFBC}") = "TravelAgency", "TravelAgency\TravelAgency.csproj", "{880BC9A9-D830-4D41-AE6C-F099D945BCCB}"
EndProject
Global
	GlobalSection(SolutionConfigurationPlatforms) = preSolution
		Debug|Any CPU = Debug|Any CPU
		Release|Any CPU = Release|Any CPU
	EndGlobalSection
	GlobalSection(ProjectConfigurationPlatforms) = postSolution
		{880BC9A9-D830-4D41-AE6C-F099D945BCCB}.Debug|Any CPU.ActiveCfg = Debug|Any CPU
		{880BC9A9-D830-4D41-AE6C-F099D945BCCB}.Debug|Any CPU.Build.0 = Debug|Any CPU
		{880BC9A9-D830-4D41-AE6C-F099D945BCCB}.Release|Any CPU.ActiveCfg = Release|Any CPU
		{880BC9A9-D830-4D41-AE6C-F099D945BCCB}.Release|Any CPU.Build.0 = Release|Any CPU
	EndGlobalSection
	GlobalSection(SolutionProperties) = preSolution
		HideSolutionNode = FALSE
	EndGlobalSection
	GlobalSection(ExtensibilityGlobals) = postSolution
		SolutionGuid = {8FF1BC0E-1630-4CAC-83AA-A84CFABD93DB}
	EndGlobalSection
EndGlobal
